
Microsoft Visual Studio Solution File, Format Version 12.00
# Visual Studio 15
VisualStudioVersion = 15.0.27130.2036
MinimumVisualStudioVersion = 10.0.40219.1
Project("{FAE04EC0-301F-11D3-BF4B-00C04F79EFBC}") = "MasterProject.Web", "MasterProject.Web\MasterProject.Web.csproj", "{C791EF58-E6CE-4FBE-A15E-CEEB974158E1}"
EndProject
Project("{FAE04EC0-301F-11D3-BF4B-00C04F79EFBC}") = "MasterProject.Persistence", "MasterProject.Persistence\MasterProject.Persistence.csproj", "{9E582431-3AD1-48E2-8851-526469A21E8B}"
EndProject
Project("{FAE04EC0-301F-11D3-BF4B-00C04F79EFBC}") = "MasterProject.Manager", "MasterProject.Manager\MasterProject.Manager.csproj", "{F772E26C-5B78-4053-9348-D5BB6A26F63F}"
EndProject
Project("{FAE04EC0-301F-11D3-BF4B-00C04F79EFBC}") = "MasterProject.Core", "MasterProject.Core\MasterProject.Core.csproj", "{03F685AC-DB17-4415-9E09-39244CFE5C96}"
EndProject
Global
	GlobalSection(SolutionConfigurationPlatforms) = preSolution
		Debug|Any CPU = Debug|Any CPU
		Release|Any CPU = Release|Any CPU
	EndGlobalSection
	GlobalSection(ProjectConfigurationPlatforms) = postSolution
		{C791EF58-E6CE-4FBE-A15E-CEEB974158E1}.Debug|Any CPU.ActiveCfg = Debug|Any CPU
		{C791EF58-E6CE-4FBE-A15E-CEEB974158E1}.Debug|Any CPU.Build.0 = Debug|Any CPU
		{C791EF58-E6CE-4FBE-A15E-CEEB974158E1}.Release|Any CPU.ActiveCfg = Release|Any CPU
		{C791EF58-E6CE-4FBE-A15E-CEEB974158E1}.Release|Any CPU.Build.0 = Release|Any CPU
		{9E582431-3AD1-48E2-8851-526469A21E8B}.Debug|Any CPU.ActiveCfg = Debug|Any CPU
		{9E582431-3AD1-48E2-8851-526469A21E8B}.Debug|Any CPU.Build.0 = Debug|Any CPU
		{9E582431-3AD1-48E2-8851-526469A21E8B}.Release|Any CPU.ActiveCfg = Release|Any CPU
		{9E582431-3AD1-48E2-8851-526469A21E8B}.Release|Any CPU.Build.0 = Release|Any CPU
		{F772E26C-5B78-4053-9348-D5BB6A26F63F}.Debug|Any CPU.ActiveCfg = Debug|Any CPU
		{F772E26C-5B78-4053-9348-D5BB6A26F63F}.Debug|Any CPU.Build.0 = Debug|Any CPU
		{F772E26C-5B78-4053-9348-D5BB6A26F63F}.Release|Any CPU.ActiveCfg = Release|Any CPU
		{F772E26C-5B78-4053-9348-D5BB6A26F63F}.Release|Any CPU.Build.0 = Release|Any CPU
		{03F685AC-DB17-4415-9E09-39244CFE5C96}.Debug|Any CPU.ActiveCfg = Debug|Any CPU
		{03F685AC-DB17-4415-9E09-39244CFE5C96}.Debug|Any CPU.Build.0 = Debug|Any CPU
		{03F685AC-DB17-4415-9E09-39244CFE5C96}.Release|Any CPU.ActiveCfg = Release|Any CPU
		{03F685AC-DB17-4415-9E09-39244CFE5C96}.Release|Any CPU.Build.0 = Release|Any CPU
	EndGlobalSection
	GlobalSection(SolutionProperties) = preSolution
		HideSolutionNode = FALSE
	EndGlobalSection
	GlobalSection(ExtensibilityGlobals) = postSolution
		SolutionGuid = {4DCA1641-8DD8-45FC-A147-7CE3D1C9F10B}
	EndGlobalSection
EndGlobal
